{
  "version": 4,
  "terraform_version": "1.5.3",
  "serial": 147,
  "lineage": "5e144d0a-a8b8-cff3-131c-68a971b94607",
  "outputs": {},
  "resources": [
    {
      "module": "module.ACR",
      "mode": "managed",
      "type": "azurerm_container_registry",
      "name": "acr",
      "provider": "provider[\"registry.terraform.io/hashicorp/azurerm\"]",
      "instances": [
        {
          "schema_version": 2,
          "attributes": {
            "admin_enabled": true,
            "admin_password": "Xa0FeuKLkavcA2v+U7zG79Vv8cx6PA8wsEtonEZ8oL+ACRAg8qby",
            "admin_username": "nageshconatiner",
            "anonymous_pull_enabled": false,
            "data_endpoint_enabled": false,
            "encryption": [
              {
                "enabled": false,
                "identity_client_id": "",
                "key_vault_key_id": ""
              }
            ],
            "export_policy_enabled": true,
            "georeplications": [],
            "id": "/subscriptions/714bac87-66c7-4f7b-baf9-52b5580e583c/resourceGroups/Nageshacr/providers/Microsoft.ContainerRegistry/registries/nageshconatiner",
            "identity": [],
            "location": "westus",
            "login_server": "nageshconatiner.azurecr.io",
            "name": "nageshconatiner",
            "network_rule_bypass_option": "AzureServices",
            "network_rule_set": [],
            "public_network_access_enabled": true,
            "quarantine_policy_enabled": false,
            "resource_group_name": "Nageshacr",
            "retention_policy": [
              {
                "days": 7,
                "enabled": false
              }
            ],
            "sku": "Standard",
            "tags": null,
            "timeouts": null,
            "trust_policy": [
              {
                "enabled": false
              }
            ],
            "zone_redundancy_enabled": false
          },
          "sensitive_attributes": [],
          "private": "eyJlMmJmYjczMC1lY2FhLTExZTYtOGY4OC0zNDM2M2JjN2M0YzAiOnsiY3JlYXRlIjoxODAwMDAwMDAwMDAwLCJkZWxldGUiOjE4MDAwMDAwMDAwMDAsInJlYWQiOjMwMDAwMDAwMDAwMCwidXBkYXRlIjoxODAwMDAwMDAwMDAwfSwic2NoZW1hX3ZlcnNpb24iOiIyIn0=",
          "dependencies": [
            "module.ACR.azurerm_resource_group.acr_rg"
          ]
        }
      ]
    },
    {
      "module": "module.ACR",
      "mode": "managed",
      "type": "azurerm_resource_group",
      "name": "acr_rg",
      "provider": "provider[\"registry.terraform.io/hashicorp/azurerm\"]",
      "instances": [
        {
          "schema_version": 0,
          "attributes": {
            "id": "/subscriptions/714bac87-66c7-4f7b-baf9-52b5580e583c/resourceGroups/Nageshacr",
            "location": "westus",
            "name": "Nageshacr",
            "tags": null,
            "timeouts": null
          },
          "sensitive_attributes": [],
          "private": "eyJlMmJmYjczMC1lY2FhLTExZTYtOGY4OC0zNDM2M2JjN2M0YzAiOnsiY3JlYXRlIjo1NDAwMDAwMDAwMDAwLCJkZWxldGUiOjU0MDAwMDAwMDAwMDAsInJlYWQiOjMwMDAwMDAwMDAwMCwidXBkYXRlIjo1NDAwMDAwMDAwMDAwfX0="
        }
      ]
    }
  ],
  "check_results": null
}
